
Microsoft Visual Studio Solution File, Format Version 12.00
# Visual Studio Version 17
VisualStudioVersion = 17.3.32929.385
MinimumVisualStudioVersion = 10.0.40219.1
Project("{9A19103F-16F7-4668-BE54-9A1E7A4F7556}") = "AlbumLibrary", "AlbumLibrary\AlbumLibrary.csproj", "{444F8EF4-451B-4553-AB31-7883EC5BF75E}"
EndProject
Project("{9A19103F-16F7-4668-BE54-9A1E7A4F7556}") = "AlbumConsole", "AlbumConsole\AlbumConsole.csproj", "{99D9188F-09F6-4F3A-AE2F-8EE1214E2ECC}"
EndProject
Project("{2150E333-8FDC-42A3-9474-1A3956D46DE8}") = "Solution Items", "Solution Items", "{229BA1A5-8EE9-4FCA-96CF-F03C48EC85EA}"
	ProjectSection(SolutionItems) = preProject
		README.md = README.md
		Použití.md = Použití.md
		Specifikace.md = Specifikace.md
	EndProjectSection
EndProject
Global
	GlobalSection(SolutionConfigurationPlatforms) = preSolution
		Debug|Any CPU = Debug|Any CPU
		Release|Any CPU = Release|Any CPU
	EndGlobalSection
	GlobalSection(ProjectConfigurationPlatforms) = postSolution
		{444F8EF4-451B-4553-AB31-7883EC5BF75E}.Debug|Any CPU.ActiveCfg = Debug|Any CPU
		{444F8EF4-451B-4553-AB31-7883EC5BF75E}.Debug|Any CPU.Build.0 = Debug|Any CPU
		{444F8EF4-451B-4553-AB31-7883EC5BF75E}.Release|Any CPU.ActiveCfg = Release|Any CPU
		{444F8EF4-451B-4553-AB31-7883EC5BF75E}.Release|Any CPU.Build.0 = Release|Any CPU
		{99D9188F-09F6-4F3A-AE2F-8EE1214E2ECC}.Debug|Any CPU.ActiveCfg = Debug|Any CPU
		{99D9188F-09F6-4F3A-AE2F-8EE1214E2ECC}.Debug|Any CPU.Build.0 = Debug|Any CPU
		{99D9188F-09F6-4F3A-AE2F-8EE1214E2ECC}.Release|Any CPU.ActiveCfg = Release|Any CPU
		{99D9188F-09F6-4F3A-AE2F-8EE1214E2ECC}.Release|Any CPU.Build.0 = Release|Any CPU
	EndGlobalSection
	GlobalSection(SolutionProperties) = preSolution
		HideSolutionNode = FALSE
	EndGlobalSection
	GlobalSection(ExtensibilityGlobals) = postSolution
		SolutionGuid = {E774035B-54B3-43F9-8DCD-86B30FAE5312}
	EndGlobalSection
EndGlobal
